// !$*UTF8*$!
{
	archiveVersion = 1;
	classes = {
	};
	objectVersion = 46;
	objects = {

/* Begin PBXBuildFile section */
		1B7CA5FF1438D5390095B7C4 /* main.cpp in Sources */ = {isa = PBXBuildFile; fileRef = 1B7CA5FE1438D5390095B7C4 /* main.cpp */; };
/* End PBXBuildFile section */

/* Begin PBXCopyFilesBuildPhase section */
		1B7CA5F81438D5390095B7C4 /* CopyFiles */ = {
			isa = PBXCopyFilesBuildPhase;
			buildActionMask = 2147483647;
			dstPath = /usr/share/man/man1/;
			dstSubfolderSpec = 0;
			files = (
			);
			runOnlyForDeploymentPostprocessing = 1;
		};
/* End PBXCopyFilesBuildPhase section */

/* Begin PBXFileReference section */
		1B7CA5FA1438D5390095B7C4 /* test */ = {isa = PBXFileReference; explicitFileType = "compiled.mach-o.executable"; includeInIndex = 0; path = test; sourceTree = BUILT_PRODUCTS_DIR; };
		1B7CA5FE1438D5390095B7C4 /* main.cpp */ = {isa = PBXFileReference; lastKnownFileType = sourcecode.cpp.cpp; path = main.cpp; sourceTree = "<group>"; };
		1B7CA6001438D5390095B7C4 /* test.1 */ = {isa = PBXFileReference; lastKnownFileType = text.man; path = test.1; sourceTree = "<group>"; };
/* End PBXFileReference section */

/* Begin PBXFrameworksBuildPhase section */
		1B7CA5F71438D5390095B7C4 /* Frameworks */ = {
			isa = PBXFrameworksBuildPhase;
			buildActionMask = 2147483647;
			files = (
			);
			runOnlyForDeploymentPostprocessing = 0;
		};
/* End PBXFrameworksBuildPhase section */

/* Begin PBXGroup section */
		1B7CA5EF1438D5390095B7C4 = {
			isa = PBXGroup;
			children = (
				1B7CA5FD1438D5390095B7C4 /* test */,
				1B7CA5FB1438D5390095B7C4 /* Products */,
			);
			sourceTree = "<group>";
		};
		1B7CA5FB1438D5390095B7C4 /* Products */ = {
			isa = PBXGroup;
			children = (
				1B7CA5FA1438D5390095B7C4 /* test */,
			);
			name = Products;
			sourceTree = "<group>";
		};
		1B7CA5FD1438D5390095B7C4 /* test */ = {
			isa = PBXGroup;
			children = (
				1B7CA5FE1438D5390095B7C4 /* main.cpp */,
				1B7CA6001438D5390095B7C4 /* test.1 */,
			);
			path = test;
			sourceTree = "<group>";
		};
/* End PBXGroup section */

/* Begin PBXNativeTarget section */
		1B7CA5F91438D5390095B7C4 /* test */ = {
			isa = PBXNativeTarget;
			buildConfigurationList = 1B7CA6031438D5390095B7C4 /* Build configuration list for PBXNativeTarget "test" */;
			buildPhases = (
				1B7CA5F61438D5390095B7C4 /* Sources */,
				1B7CA5F71438D5390095B7C4 /* Frameworks */,
				1B7CA5F81438D5390095B7C4 /* CopyFiles */,
			);
			buildRules = (
			);
			dependencies = (
			);
			name = test;
			productName = test;
			productReference = 1B7CA5FA1438D5390095B7C4 /* test */;
			productType = "com.apple.product-type.tool";
		};
/* End PBXNativeTarget section */

/* Begin PBXProject section */
		1B7CA5F11438D5390095B7C4 /* Project object */ = {
			isa = PBXProject;
			buildConfigurationList = 1B7CA5F41438D5390095B7C4 /* Build configuration list for PBXProject "test" */;
			compatibilityVersion = "Xcode 3.2";
			developmentRegion = English;
			hasScannedForEncodings = 0;
			knownRegions = (
				en,
			);
			mainGroup = 1B7CA5EF1438D5390095B7C4;
			productRefGroup = 1B7CA5FB1438D5390095B7C4 /* Products */;
			projectDirPath = "";
			projectRoot = "";
			targets = (
				1B7CA5F91438D5390095B7C4 /* test */,
			);
		};
/* End PBXProject section */

/* Begin PBXSourcesBuildPhase section */
		1B7CA5F61438D5390095B7C4 /* Sources */ = {
			isa = PBXSourcesBuildPhase;
			buildActionMask = 2147483647;
			files = (
				1B7CA5FF1438D5390095B7C4 /* main.cpp in Sources */,
			);
			runOnlyForDeploymentPostprocessing = 0;
		};
/* End PBXSourcesBuildPhase section */

/* Begin XCBuildConfiguration section */
		1B7CA6011438D5390095B7C4 /* Debug */ = {
			isa = XCBuildConfiguration;
			buildSettings = {
				ARCHS = "$(ARCHS_STANDARD_32_64_BIT)";
				GCC_C_LANGUAGE_STANDARD = gnu99;
				GCC_OPTIMIZATION_LEVEL = 0;
				GCC_PREPROCESSOR_DEFINITIONS = DEBUG;
				GCC_SYMBOLS_PRIVATE_EXTERN = NO;
				GCC_VERSION = com.apple.compilers.llvm.clang.1_0;
				GCC_WARN_64_TO_32_BIT_CONVERSION = YES;
				GCC_WARN_ABOUT_RETURN_TYPE = YES;
				GCC_WARN_UNUSED_VARIABLE = YES;
				MACOSX_DEPLOYMENT_TARGET = 10.6;
				ONLY_ACTIVE_ARCH = YES;
				SDKROOT = macosx;
			};
			name = Debug;
		};
		1B7CA6021438D5390095B7C4 /* Release */ = {
			isa = XCBuildConfiguration;
			buildSettings = {
				ARCHS = "$(ARCHS_STANDARD_32_64_BIT)";
				GCC_C_LANGUAGE_STANDARD = gnu99;
				GCC_VERSION = com.apple.compilers.llvm.clang.1_0;
				GCC_WARN_64_TO_32_BIT_CONVERSION = YES;
				GCC_WARN_ABOUT_RETURN_TYPE = YES;
				GCC_WARN_UNUSED_VARIABLE = YES;
				MACOSX_DEPLOYMENT_TARGET = 10.6;
				SDKROOT = macosx;
			};
			name = Release;
		};
		1B7CA6041438D5390095B7C4 /* Debug */ = {
			isa = XCBuildConfiguration;
			buildSettings = {
				ALWAYS_SEARCH_USER_PATHS = NO;
				COPY_PHASE_STRIP = NO;
				GCC_DYNAMIC_NO_PIC = NO;
				GCC_ENABLE_OBJC_EXCEPTIONS = YES;
				PRODUCT_NAME = "$(TARGET_NAME)";
			};
			name = Debug;
		};
		1B7CA6051438D5390095B7C4 /* Release */ = {
			isa = XCBuildConfiguration;
			buildSettings = {
				ALWAYS_SEARCH_USER_PATHS = NO;
				COPY_PHASE_STRIP = YES;
				DEBUG_INFORMATION_FORMAT = "dwarf-with-dsym";
				GCC_ENABLE_OBJC_EXCEPTIONS = YES;
				PRODUCT_NAME = "$(TARGET_NAME)";
			};
			name = Release;
		};
/* End XCBuildConfiguration section */

/* Begin XCConfigurationList section */
		1B7CA5F41438D5390095B7C4 /* Build configuration list for PBXProject "test" */ = {
			isa = XCConfigurationList;
			buildConfigurations = (
				1B7CA6011438D5390095B7C4 /* Debug */,
				1B7CA6021438D5390095B7C4 /* Release */,
			);
			defaultConfigurationIsVisible = 0;
			defaultConfigurationName = Release;
		};
		1B7CA6031438D5390095B7C4 /* Build configuration list for PBXNativeTarget "test" */ = {
			isa = XCConfigurationList;
			buildConfigurations = (
				1B7CA6041438D5390095B7C4 /* Debug */,
				1B7CA6051438D5390095B7C4 /* Release */,
			);
			defaultConfigurationIsVisible = 0;
		};
/* End XCConfigurationList section */
	};
	rootObject = 1B7CA5F11438D5390095B7C4 /* Project object */;
}
